
Microsoft Visual Studio Solution File, Format Version 12.00
# Visual Studio Version 17
VisualStudioVersion = 17.12.35506.116
MinimumVisualStudioVersion = 10.0.40219.1
Project("{FAE04EC0-301F-11D3-BF4B-00C04F79EFBC}") = "C43_G02_C#02", "Course_Assignment\C43_G02_C#02.csproj", "{7927F5CD-21D4-4984-B23A-59AF3B3861BC}"
EndProject
Project("{FAE04EC0-301F-11D3-BF4B-00C04F79EFBC}") = "C43_G02_C#03", "C42_G02_C#03\C43_G02_C#03.csproj", "{CE8D5DD0-BD55-47B4-8E40-DFDA367F928E}"
EndProject
Project("{FAE04EC0-301F-11D3-BF4B-00C04F79EFBC}") = "C43_G02_C#04", "C43-G02-C#04\C43_G02_C#04.csproj", "{CA512057-BC43-4B30-AD8A-90A31210AE9C}"
EndProject
Project("{FAE04EC0-301F-11D3-BF4B-00C04F79EFBC}") = "C43_G02_C#05", "C43_G02_C#05\C43_G02_C#05.csproj", "{DCA003E3-C6E7-4972-9084-B6AB2EA2DE01}"
EndProject
Project("{FAE04EC0-301F-11D3-BF4B-00C04F79EFBC}") = "C43_G02_C#06", "C43_G02_C#06\C43_G02_C#06.csproj", "{5F02B0F5-B61E-414B-9F24-441529E87576}"
EndProject
Project("{FAE04EC0-301F-11D3-BF4B-00C04F79EFBC}") = "C43_G02_OOP02", "C43_G02_OOP02\C43_G02_OOP02.csproj", "{524C3266-6B99-4F7F-8077-FE601A9CEB78}"
EndProject
Global
	GlobalSection(SolutionConfigurationPlatforms) = preSolution
		Debug|Any CPU = Debug|Any CPU
		Release|Any CPU = Release|Any CPU
	EndGlobalSection
	GlobalSection(ProjectConfigurationPlatforms) = postSolution
		{7927F5CD-21D4-4984-B23A-59AF3B3861BC}.Debug|Any CPU.ActiveCfg = Debug|Any CPU
		{7927F5CD-21D4-4984-B23A-59AF3B3861BC}.Debug|Any CPU.Build.0 = Debug|Any CPU
		{7927F5CD-21D4-4984-B23A-59AF3B3861BC}.Release|Any CPU.ActiveCfg = Release|Any CPU
		{7927F5CD-21D4-4984-B23A-59AF3B3861BC}.Release|Any CPU.Build.0 = Release|Any CPU
		{CE8D5DD0-BD55-47B4-8E40-DFDA367F928E}.Debug|Any CPU.ActiveCfg = Debug|Any CPU
		{CE8D5DD0-BD55-47B4-8E40-DFDA367F928E}.Debug|Any CPU.Build.0 = Debug|Any CPU
		{CE8D5DD0-BD55-47B4-8E40-DFDA367F928E}.Release|Any CPU.ActiveCfg = Release|Any CPU
		{CE8D5DD0-BD55-47B4-8E40-DFDA367F928E}.Release|Any CPU.Build.0 = Release|Any CPU
		{CA512057-BC43-4B30-AD8A-90A31210AE9C}.Debug|Any CPU.ActiveCfg = Debug|Any CPU
		{CA512057-BC43-4B30-AD8A-90A31210AE9C}.Debug|Any CPU.Build.0 = Debug|Any CPU
		{CA512057-BC43-4B30-AD8A-90A31210AE9C}.Release|Any CPU.ActiveCfg = Release|Any CPU
		{CA512057-BC43-4B30-AD8A-90A31210AE9C}.Release|Any CPU.Build.0 = Release|Any CPU
		{DCA003E3-C6E7-4972-9084-B6AB2EA2DE01}.Debug|Any CPU.ActiveCfg = Debug|Any CPU
		{DCA003E3-C6E7-4972-9084-B6AB2EA2DE01}.Debug|Any CPU.Build.0 = Debug|Any CPU
		{DCA003E3-C6E7-4972-9084-B6AB2EA2DE01}.Release|Any CPU.ActiveCfg = Release|Any CPU
		{DCA003E3-C6E7-4972-9084-B6AB2EA2DE01}.Release|Any CPU.Build.0 = Release|Any CPU
		{5F02B0F5-B61E-414B-9F24-441529E87576}.Debug|Any CPU.ActiveCfg = Debug|Any CPU
		{5F02B0F5-B61E-414B-9F24-441529E87576}.Debug|Any CPU.Build.0 = Debug|Any CPU
		{5F02B0F5-B61E-414B-9F24-441529E87576}.Release|Any CPU.ActiveCfg = Release|Any CPU
		{5F02B0F5-B61E-414B-9F24-441529E87576}.Release|Any CPU.Build.0 = Release|Any CPU
		{524C3266-6B99-4F7F-8077-FE601A9CEB78}.Debug|Any CPU.ActiveCfg = Debug|Any CPU
		{524C3266-6B99-4F7F-8077-FE601A9CEB78}.Debug|Any CPU.Build.0 = Debug|Any CPU
		{524C3266-6B99-4F7F-8077-FE601A9CEB78}.Release|Any CPU.ActiveCfg = Release|Any CPU
		{524C3266-6B99-4F7F-8077-FE601A9CEB78}.Release|Any CPU.Build.0 = Release|Any CPU
	EndGlobalSection
	GlobalSection(SolutionProperties) = preSolution
		HideSolutionNode = FALSE
	EndGlobalSection
EndGlobal
