
Microsoft Visual Studio Solution File, Format Version 12.00
# Visual Studio Version 17
VisualStudioVersion = 17.12.35506.116
MinimumVisualStudioVersion = 10.0.40219.1
Project("{FAE04EC0-301F-11D3-BF4B-00C04F79EFBC}") = "C43_G02_C#05", "C43_G02_C#05\C43_G02_C#05.csproj", "{DCA003E3-C6E7-4972-9084-B6AB2EA2DE01}"
EndProject
Project("{FAE04EC0-301F-11D3-BF4B-00C04F79EFBC}") = "C43_G02_C#06", "C43_G02_C#06\C43_G02_C#06.csproj", "{5F02B0F5-B61E-414B-9F24-441529E87576}"
EndProject
Project("{FAE04EC0-301F-11D3-BF4B-00C04F79EFBC}") = "C43_G02_OOP02", "C43_G02_OOP02\C43_G02_OOP02.csproj", "{524C3266-6B99-4F7F-8077-FE601A9CEB78}"
EndProject
Project("{FAE04EC0-301F-11D3-BF4B-00C04F79EFBC}") = "C43_G02_C#02", "C43_G02_C#02\C43_G02_C#02.csproj", "{52C7EC08-6002-4260-8EFC-165CFB0C9B28}"
EndProject
Project("{FAE04EC0-301F-11D3-BF4B-00C04F79EFBC}") = "C43_G02_C#03", "C43_G02_C#03\C43_G02_C#03.csproj", "{97813265-28BA-42BF-A6DB-7A194E1DBBA7}"
EndProject
Project("{FAE04EC0-301F-11D3-BF4B-00C04F79EFBC}") = "C43_G02_C#04", "C43_G02_C#04\C43_G02_C#04.csproj", "{6BFAFF2B-BA60-46EE-B32D-B85DF059B1F8}"
EndProject
Project("{FAE04EC0-301F-11D3-BF4B-00C04F79EFBC}") = "C43_G02_OOP05", "C43_G02_OOP05\C43_G02_OOP05.csproj", "{BD45600E-4D57-47AB-A986-421F8723A3B5}"
EndProject
Project("{FAE04EC0-301F-11D3-BF4B-00C04F79EFBC}") = "C43_G02_OOP06", "C43_G02_OOP06\C43_G02_OOP06.csproj", "{83BA4DB1-BF34-46A1-9576-00EDDC71E8E4}"
EndProject
Project("{FAE04EC0-301F-11D3-BF4B-00C04F79EFBC}") = "C43_G02_EXAM02", "C43_G02_EXAM02\C43_G02_EXAM02.csproj", "{CB757C21-1704-4321-A050-18B7117E81F8}"
EndProject
Project("{FAE04EC0-301F-11D3-BF4B-00C04F79EFBC}") = "C43_G02_ADV01", "C43_G02_ADV01\C43_G02_ADV01.csproj", "{18989918-23AA-4A85-A3B2-BDC7E9F78906}"
EndProject
Project("{FAE04EC0-301F-11D3-BF4B-00C04F79EFBC}") = "C43_G02_ADV02", "C43_G02_ADV02\C43_G02_ADV02.csproj", "{6E889611-7EB7-454E-BE7B-95EDFB32C102}"
EndProject
Global
	GlobalSection(SolutionConfigurationPlatforms) = preSolution
		Debug|Any CPU = Debug|Any CPU
		Release|Any CPU = Release|Any CPU
	EndGlobalSection
	GlobalSection(ProjectConfigurationPlatforms) = postSolution
		{DCA003E3-C6E7-4972-9084-B6AB2EA2DE01}.Debug|Any CPU.ActiveCfg = Debug|Any CPU
		{DCA003E3-C6E7-4972-9084-B6AB2EA2DE01}.Debug|Any CPU.Build.0 = Debug|Any CPU
		{DCA003E3-C6E7-4972-9084-B6AB2EA2DE01}.Release|Any CPU.ActiveCfg = Release|Any CPU
		{DCA003E3-C6E7-4972-9084-B6AB2EA2DE01}.Release|Any CPU.Build.0 = Release|Any CPU
		{5F02B0F5-B61E-414B-9F24-441529E87576}.Debug|Any CPU.ActiveCfg = Debug|Any CPU
		{5F02B0F5-B61E-414B-9F24-441529E87576}.Debug|Any CPU.Build.0 = Debug|Any CPU
		{5F02B0F5-B61E-414B-9F24-441529E87576}.Release|Any CPU.ActiveCfg = Release|Any CPU
		{5F02B0F5-B61E-414B-9F24-441529E87576}.Release|Any CPU.Build.0 = Release|Any CPU
		{524C3266-6B99-4F7F-8077-FE601A9CEB78}.Debug|Any CPU.ActiveCfg = Debug|Any CPU
		{524C3266-6B99-4F7F-8077-FE601A9CEB78}.Debug|Any CPU.Build.0 = Debug|Any CPU
		{524C3266-6B99-4F7F-8077-FE601A9CEB78}.Release|Any CPU.ActiveCfg = Release|Any CPU
		{524C3266-6B99-4F7F-8077-FE601A9CEB78}.Release|Any CPU.Build.0 = Release|Any CPU
		{52C7EC08-6002-4260-8EFC-165CFB0C9B28}.Debug|Any CPU.ActiveCfg = Debug|Any CPU
		{52C7EC08-6002-4260-8EFC-165CFB0C9B28}.Debug|Any CPU.Build.0 = Debug|Any CPU
		{52C7EC08-6002-4260-8EFC-165CFB0C9B28}.Release|Any CPU.ActiveCfg = Release|Any CPU
		{52C7EC08-6002-4260-8EFC-165CFB0C9B28}.Release|Any CPU.Build.0 = Release|Any CPU
		{97813265-28BA-42BF-A6DB-7A194E1DBBA7}.Debug|Any CPU.ActiveCfg = Debug|Any CPU
		{97813265-28BA-42BF-A6DB-7A194E1DBBA7}.Debug|Any CPU.Build.0 = Debug|Any CPU
		{97813265-28BA-42BF-A6DB-7A194E1DBBA7}.Release|Any CPU.ActiveCfg = Release|Any CPU
		{97813265-28BA-42BF-A6DB-7A194E1DBBA7}.Release|Any CPU.Build.0 = Release|Any CPU
		{6BFAFF2B-BA60-46EE-B32D-B85DF059B1F8}.Debug|Any CPU.ActiveCfg = Debug|Any CPU
		{6BFAFF2B-BA60-46EE-B32D-B85DF059B1F8}.Debug|Any CPU.Build.0 = Debug|Any CPU
		{6BFAFF2B-BA60-46EE-B32D-B85DF059B1F8}.Release|Any CPU.ActiveCfg = Release|Any CPU
		{6BFAFF2B-BA60-46EE-B32D-B85DF059B1F8}.Release|Any CPU.Build.0 = Release|Any CPU
		{BD45600E-4D57-47AB-A986-421F8723A3B5}.Debug|Any CPU.ActiveCfg = Debug|Any CPU
		{BD45600E-4D57-47AB-A986-421F8723A3B5}.Debug|Any CPU.Build.0 = Debug|Any CPU
		{BD45600E-4D57-47AB-A986-421F8723A3B5}.Release|Any CPU.ActiveCfg = Release|Any CPU
		{BD45600E-4D57-47AB-A986-421F8723A3B5}.Release|Any CPU.Build.0 = Release|Any CPU
		{83BA4DB1-BF34-46A1-9576-00EDDC71E8E4}.Debug|Any CPU.ActiveCfg = Debug|Any CPU
		{83BA4DB1-BF34-46A1-9576-00EDDC71E8E4}.Debug|Any CPU.Build.0 = Debug|Any CPU
		{83BA4DB1-BF34-46A1-9576-00EDDC71E8E4}.Release|Any CPU.ActiveCfg = Release|Any CPU
		{83BA4DB1-BF34-46A1-9576-00EDDC71E8E4}.Release|Any CPU.Build.0 = Release|Any CPU
		{CB757C21-1704-4321-A050-18B7117E81F8}.Debug|Any CPU.ActiveCfg = Debug|Any CPU
		{CB757C21-1704-4321-A050-18B7117E81F8}.Debug|Any CPU.Build.0 = Debug|Any CPU
		{CB757C21-1704-4321-A050-18B7117E81F8}.Release|Any CPU.ActiveCfg = Release|Any CPU
		{CB757C21-1704-4321-A050-18B7117E81F8}.Release|Any CPU.Build.0 = Release|Any CPU
		{18989918-23AA-4A85-A3B2-BDC7E9F78906}.Debug|Any CPU.ActiveCfg = Debug|Any CPU
		{18989918-23AA-4A85-A3B2-BDC7E9F78906}.Debug|Any CPU.Build.0 = Debug|Any CPU
		{18989918-23AA-4A85-A3B2-BDC7E9F78906}.Release|Any CPU.ActiveCfg = Release|Any CPU
		{18989918-23AA-4A85-A3B2-BDC7E9F78906}.Release|Any CPU.Build.0 = Release|Any CPU
		{6E889611-7EB7-454E-BE7B-95EDFB32C102}.Debug|Any CPU.ActiveCfg = Debug|Any CPU
		{6E889611-7EB7-454E-BE7B-95EDFB32C102}.Debug|Any CPU.Build.0 = Debug|Any CPU
		{6E889611-7EB7-454E-BE7B-95EDFB32C102}.Release|Any CPU.ActiveCfg = Release|Any CPU
		{6E889611-7EB7-454E-BE7B-95EDFB32C102}.Release|Any CPU.Build.0 = Release|Any CPU
	EndGlobalSection
	GlobalSection(SolutionProperties) = preSolution
		HideSolutionNode = FALSE
	EndGlobalSection
EndGlobal
